// !$*UTF8*$!
{
	archiveVersion = 1;
	classes = {
	};
	objectVersion = 52;
	objects = {

/* Begin PBXBuildFile section */
		8D06FD4B259A2E1000F997AB /* FirebaseDemoApp.swift in Sources */ = {isa = PBXBuildFile; fileRef = 8D06FD4A259A2E1000F997AB /* FirebaseDemoApp.swift */; };
		8D06FD4D259A2E1000F997AB /* ContentView.swift in Sources */ = {isa = PBXBuildFile; fileRef = 8D06FD4C259A2E1000F997AB /* ContentView.swift */; };
		8D06FD4F259A2E1500F997AB /* Assets.xcassets in Resources */ = {isa = PBXBuildFile; fileRef = 8D06FD4E259A2E1500F997AB /* Assets.xcassets */; };
		8D06FD52259A2E1500F997AB /* Preview Assets.xcassets in Resources */ = {isa = PBXBuildFile; fileRef = 8D06FD51259A2E1500F997AB /* Preview Assets.xcassets */; };
		8D06FD5C259A2ECB00F997AB /* FirebaseFirestoreSwift-Beta in Frameworks */ = {isa = PBXBuildFile; productRef = 8D06FD5B259A2ECB00F997AB /* FirebaseFirestoreSwift-Beta */; };
		8D9252DA259BC83900D902C9 /* UserManager.swift in Sources */ = {isa = PBXBuildFile; fileRef = 8D9252D9259BC83900D902C9 /* UserManager.swift */; };
		8D9252DE259BC95900D902C9 /* FirebaseAuth in Frameworks */ = {isa = PBXBuildFile; productRef = 8D9252DD259BC95900D902C9 /* FirebaseAuth */; };
		8DB1656C259E1DB00099A4F3 /* UserView.swift in Sources */ = {isa = PBXBuildFile; fileRef = 8DB1656B259E1DB00099A4F3 /* UserView.swift */; };
		8DB165AF25A084B50099A4F3 /* Row.swift in Sources */ = {isa = PBXBuildFile; fileRef = 8DB165AE25A084B50099A4F3 /* Row.swift */; };
		8DB165B225A085B60099A4F3 /* Message.swift in Sources */ = {isa = PBXBuildFile; fileRef = 8DB165B125A085B60099A4F3 /* Message.swift */; };
		8DB165BC25A123890099A4F3 /* README.md in Resources */ = {isa = PBXBuildFile; fileRef = 8DB165BB25A123890099A4F3 /* README.md */; };
		8DB165C325A130CC0099A4F3 /* GenericHelper.swift in Sources */ = {isa = PBXBuildFile; fileRef = 8DB165C225A130CC0099A4F3 /* GenericHelper.swift */; };
		8DD412C9259A32D800E41233 /* GoogleService-Info.plist in Resources */ = {isa = PBXBuildFile; fileRef = 8DD412C8259A32D800E41233 /* GoogleService-Info.plist */; };
		8DD412CC259A33FB00E41233 /* FirestoreBackend.swift in Sources */ = {isa = PBXBuildFile; fileRef = 8DD412CB259A33FB00E41233 /* FirestoreBackend.swift */; };
		8DD412D1259A343F00E41233 /* Appointment.swift in Sources */ = {isa = PBXBuildFile; fileRef = 8DD412CE259A343F00E41233 /* Appointment.swift */; };
		8DD412D2259A343F00E41233 /* Note.swift in Sources */ = {isa = PBXBuildFile; fileRef = 8DD412CF259A343F00E41233 /* Note.swift */; };
		8DD412D3259A343F00E41233 /* Task.swift in Sources */ = {isa = PBXBuildFile; fileRef = 8DD412D0259A343F00E41233 /* Task.swift */; };
		8DD412D6259A347300E41233 /* Rows.swift in Sources */ = {isa = PBXBuildFile; fileRef = 8DD412D5259A347300E41233 /* Rows.swift */; };
/* End PBXBuildFile section */

/* Begin PBXFileReference section */
		8D06FD47259A2E1000F997AB /* FirebaseDemo.app */ = {isa = PBXFileReference; explicitFileType = wrapper.application; includeInIndex = 0; path = FirebaseDemo.app; sourceTree = BUILT_PRODUCTS_DIR; };
		8D06FD4A259A2E1000F997AB /* FirebaseDemoApp.swift */ = {isa = PBXFileReference; lastKnownFileType = sourcecode.swift; path = FirebaseDemoApp.swift; sourceTree = "<group>"; };
		8D06FD4C259A2E1000F997AB /* ContentView.swift */ = {isa = PBXFileReference; lastKnownFileType = sourcecode.swift; path = ContentView.swift; sourceTree = "<group>"; };
		8D06FD4E259A2E1500F997AB /* Assets.xcassets */ = {isa = PBXFileReference; lastKnownFileType = folder.assetcatalog; path = Assets.xcassets; sourceTree = "<group>"; };
		8D06FD51259A2E1500F997AB /* Preview Assets.xcassets */ = {isa = PBXFileReference; lastKnownFileType = folder.assetcatalog; path = "Preview Assets.xcassets"; sourceTree = "<group>"; };
		8D06FD53259A2E1500F997AB /* Info.plist */ = {isa = PBXFileReference; lastKnownFileType = text.plist.xml; path = Info.plist; sourceTree = "<group>"; };
		8D352F2A25A2411B00C5AA1C /* FirebaseDemo.entitlements */ = {isa = PBXFileReference; lastKnownFileType = text.plist.entitlements; path = FirebaseDemo.entitlements; sourceTree = "<group>"; };
		8D9252D9259BC83900D902C9 /* UserManager.swift */ = {isa = PBXFileReference; lastKnownFileType = sourcecode.swift; path = UserManager.swift; sourceTree = "<group>"; };
		8DB1656B259E1DB00099A4F3 /* UserView.swift */ = {isa = PBXFileReference; lastKnownFileType = sourcecode.swift; path = UserView.swift; sourceTree = "<group>"; };
		8DB165AE25A084B50099A4F3 /* Row.swift */ = {isa = PBXFileReference; lastKnownFileType = sourcecode.swift; path = Row.swift; sourceTree = "<group>"; };
		8DB165B125A085B60099A4F3 /* Message.swift */ = {isa = PBXFileReference; lastKnownFileType = sourcecode.swift; path = Message.swift; sourceTree = "<group>"; };
		8DB165BB25A123890099A4F3 /* README.md */ = {isa = PBXFileReference; lastKnownFileType = net.daringfireball.markdown; path = README.md; sourceTree = "<group>"; };
		8DB165C225A130CC0099A4F3 /* GenericHelper.swift */ = {isa = PBXFileReference; lastKnownFileType = sourcecode.swift; name = GenericHelper.swift; path = Model/GenericHelper.swift; sourceTree = "<group>"; };
		8DD412C8259A32D800E41233 /* GoogleService-Info.plist */ = {isa = PBXFileReference; fileEncoding = 4; lastKnownFileType = text.plist.xml; path = "GoogleService-Info.plist"; sourceTree = "<group>"; };
		8DD412CB259A33FB00E41233 /* FirestoreBackend.swift */ = {isa = PBXFileReference; fileEncoding = 4; lastKnownFileType = sourcecode.swift; path = FirestoreBackend.swift; sourceTree = "<group>"; };
		8DD412CE259A343F00E41233 /* Appointment.swift */ = {isa = PBXFileReference; fileEncoding = 4; lastKnownFileType = sourcecode.swift; path = Appointment.swift; sourceTree = "<group>"; };
		8DD412CF259A343F00E41233 /* Note.swift */ = {isa = PBXFileReference; fileEncoding = 4; lastKnownFileType = sourcecode.swift; path = Note.swift; sourceTree = "<group>"; };
		8DD412D0259A343F00E41233 /* Task.swift */ = {isa = PBXFileReference; fileEncoding = 4; lastKnownFileType = sourcecode.swift; path = Task.swift; sourceTree = "<group>"; };
		8DD412D5259A347300E41233 /* Rows.swift */ = {isa = PBXFileReference; fileEncoding = 4; lastKnownFileType = sourcecode.swift; path = Rows.swift; sourceTree = "<group>"; };
/* End PBXFileReference section */

/* Begin PBXFrameworksBuildPhase section */
		8D06FD44259A2E1000F997AB /* Frameworks */ = {
			isa = PBXFrameworksBuildPhase;
			buildActionMask = 2147483647;
			files = (
				8D06FD5C259A2ECB00F997AB /* FirebaseFirestoreSwift-Beta in Frameworks */,
				8D9252DE259BC95900D902C9 /* FirebaseAuth in Frameworks */,
			);
			runOnlyForDeploymentPostprocessing = 0;
		};
/* End PBXFrameworksBuildPhase section */

/* Begin PBXGroup section */
		8D06FD3E259A2E1000F997AB = {
			isa = PBXGroup;
			children = (
				8DB165BB25A123890099A4F3 /* README.md */,
				8D06FD49259A2E1000F997AB /* FirebaseDemo */,
				8D06FD48259A2E1000F997AB /* Products */,
				8D9252DC259BC95900D902C9 /* Frameworks */,
			);
			sourceTree = "<group>";
		};
		8D06FD48259A2E1000F997AB /* Products */ = {
			isa = PBXGroup;
			children = (
				8D06FD47259A2E1000F997AB /* FirebaseDemo.app */,
			);
			name = Products;
			sourceTree = "<group>";
		};
		8D06FD49259A2E1000F997AB /* FirebaseDemo */ = {
			isa = PBXGroup;
			children = (
				8D352F2A25A2411B00C5AA1C /* FirebaseDemo.entitlements */,
				8DD412C8259A32D800E41233 /* GoogleService-Info.plist */,
				8D06FD4A259A2E1000F997AB /* FirebaseDemoApp.swift */,
				8DB165C225A130CC0099A4F3 /* GenericHelper.swift */,
				8DB1656F259F4DBA0099A4F3 /* Model */,
				8DB16570259F4DFA0099A4F3 /* Views */,
				8D06FD4C259A2E1000F997AB /* ContentView.swift */,
				8D06FD4E259A2E1500F997AB /* Assets.xcassets */,
				8D06FD53259A2E1500F997AB /* Info.plist */,
				8D06FD50259A2E1500F997AB /* Preview Content */,
			);
			path = FirebaseDemo;
			sourceTree = "<group>";
		};
		8D06FD50259A2E1500F997AB /* Preview Content */ = {
			isa = PBXGroup;
			children = (
				8D06FD51259A2E1500F997AB /* Preview Assets.xcassets */,
			);
			path = "Preview Content";
			sourceTree = "<group>";
		};
		8D9252DC259BC95900D902C9 /* Frameworks */ = {
			isa = PBXGroup;
			children = (
			);
			name = Frameworks;
			sourceTree = "<group>";
		};
		8DB1656F259F4DBA0099A4F3 /* Model */ = {
			isa = PBXGroup;
			children = (
				8DD412CB259A33FB00E41233 /* FirestoreBackend.swift */,
				8D9252D9259BC83900D902C9 /* UserManager.swift */,
				8DD412CE259A343F00E41233 /* Appointment.swift */,
				8DD412CF259A343F00E41233 /* Note.swift */,
				8DD412D0259A343F00E41233 /* Task.swift */,
				8DB165B125A085B60099A4F3 /* Message.swift */,
			);
			path = Model;
			sourceTree = "<group>";
		};
		8DB16570259F4DFA0099A4F3 /* Views */ = {
			isa = PBXGroup;
			children = (
				8DB1656B259E1DB00099A4F3 /* UserView.swift */,
				8DD412D5259A347300E41233 /* Rows.swift */,
				8DB165AE25A084B50099A4F3 /* Row.swift */,
			);
			path = Views;
			sourceTree = "<group>";
		};
/* End PBXGroup section */

/* Begin PBXNativeTarget section */
		8D06FD46259A2E1000F997AB /* FirebaseDemo */ = {
			isa = PBXNativeTarget;
			buildConfigurationList = 8D06FD56259A2E1500F997AB /* Build configuration list for PBXNativeTarget "FirebaseDemo" */;
			buildPhases = (
				8D06FD43259A2E1000F997AB /* Sources */,
				8D06FD44259A2E1000F997AB /* Frameworks */,
				8D06FD45259A2E1000F997AB /* Resources */,
			);
			buildRules = (
			);
			dependencies = (
			);
			name = FirebaseDemo;
			packageProductDependencies = (
				8D06FD5B259A2ECB00F997AB /* FirebaseFirestoreSwift-Beta */,
				8D9252DD259BC95900D902C9 /* FirebaseAuth */,
			);
			productName = FirebaseDemo;
			productReference = 8D06FD47259A2E1000F997AB /* FirebaseDemo.app */;
			productType = "com.apple.product-type.application";
		};
/* End PBXNativeTarget section */

/* Begin PBXProject section */
		8D06FD3F259A2E1000F997AB /* Project object */ = {
			isa = PBXProject;
			attributes = {
				LastSwiftUpdateCheck = 1230;
				LastUpgradeCheck = 1230;
				TargetAttributes = {
					8D06FD46259A2E1000F997AB = {
						CreatedOnToolsVersion = 12.3;
					};
				};
			};
			buildConfigurationList = 8D06FD42259A2E1000F997AB /* Build configuration list for PBXProject "My Stuffs" */;
			compatibilityVersion = "Xcode 9.3";
			developmentRegion = en;
			hasScannedForEncodings = 0;
			knownRegions = (
				en,
				Base,
			);
			mainGroup = 8D06FD3E259A2E1000F997AB;
			packageReferences = (
				8D06FD5A259A2ECB00F997AB /* XCRemoteSwiftPackageReference "firebase-ios-sdk" */,
			);
			productRefGroup = 8D06FD48259A2E1000F997AB /* Products */;
			projectDirPath = "";
			projectRoot = "";
			targets = (
				8D06FD46259A2E1000F997AB /* FirebaseDemo */,
			);
		};
/* End PBXProject section */

/* Begin PBXResourcesBuildPhase section */
		8D06FD45259A2E1000F997AB /* Resources */ = {
			isa = PBXResourcesBuildPhase;
			buildActionMask = 2147483647;
			files = (
				8D06FD52259A2E1500F997AB /* Preview Assets.xcassets in Resources */,
				8D06FD4F259A2E1500F997AB /* Assets.xcassets in Resources */,
				8DB165BC25A123890099A4F3 /* README.md in Resources */,
				8DD412C9259A32D800E41233 /* GoogleService-Info.plist in Resources */,
			);
			runOnlyForDeploymentPostprocessing = 0;
		};
/* End PBXResourcesBuildPhase section */

/* Begin PBXSourcesBuildPhase section */
		8D06FD43259A2E1000F997AB /* Sources */ = {
			isa = PBXSourcesBuildPhase;
			buildActionMask = 2147483647;
			files = (
				8DD412D2259A343F00E41233 /* Note.swift in Sources */,
				8D06FD4D259A2E1000F997AB /* ContentView.swift in Sources */,
				8DD412D6259A347300E41233 /* Rows.swift in Sources */,
				8D06FD4B259A2E1000F997AB /* FirebaseDemoApp.swift in Sources */,
				8DD412CC259A33FB00E41233 /* FirestoreBackend.swift in Sources */,
				8DD412D3259A343F00E41233 /* Task.swift in Sources */,
				8D9252DA259BC83900D902C9 /* UserManager.swift in Sources */,
				8DB1656C259E1DB00099A4F3 /* UserView.swift in Sources */,
				8DB165B225A085B60099A4F3 /* Message.swift in Sources */,
				8DB165AF25A084B50099A4F3 /* Row.swift in Sources */,
				8DD412D1259A343F00E41233 /* Appointment.swift in Sources */,
				8DB165C325A130CC0099A4F3 /* GenericHelper.swift in Sources */,
			);
			runOnlyForDeploymentPostprocessing = 0;
		};
/* End PBXSourcesBuildPhase section */

/* Begin XCBuildConfiguration section */
		8D06FD54259A2E1500F997AB /* Debug */ = {
			isa = XCBuildConfiguration;
			buildSettings = {
				ALWAYS_SEARCH_USER_PATHS = NO;
				CLANG_ANALYZER_NONNULL = YES;
				CLANG_ANALYZER_NUMBER_OBJECT_CONVERSION = YES_AGGRESSIVE;
				CLANG_CXX_LANGUAGE_STANDARD = "gnu++14";
				CLANG_CXX_LIBRARY = "libc++";
				CLANG_ENABLE_MODULES = YES;
				CLANG_ENABLE_OBJC_ARC = YES;
				CLANG_ENABLE_OBJC_WEAK = YES;
				CLANG_WARN_BLOCK_CAPTURE_AUTORELEASING = YES;
				CLANG_WARN_BOOL_CONVERSION = YES;
				CLANG_WARN_COMMA = YES;
				CLANG_WARN_CONSTANT_CONVERSION = YES;
				CLANG_WARN_DEPRECATED_OBJC_IMPLEMENTATIONS = YES;
				CLANG_WARN_DIRECT_OBJC_ISA_USAGE = YES_ERROR;
				CLANG_WARN_DOCUMENTATION_COMMENTS = YES;
				CLANG_WARN_EMPTY_BODY = YES;
				CLANG_WARN_ENUM_CONVERSION = YES;
				CLANG_WARN_INFINITE_RECURSION = YES;
				CLANG_WARN_INT_CONVERSION = YES;
				CLANG_WARN_NON_LITERAL_NULL_CONVERSION = YES;
				CLANG_WARN_OBJC_IMPLICIT_RETAIN_SELF = YES;
				CLANG_WARN_OBJC_LITERAL_CONVERSION = YES;
				CLANG_WARN_OBJC_ROOT_CLASS = YES_ERROR;
				CLANG_WARN_QUOTED_INCLUDE_IN_FRAMEWORK_HEADER = YES;
				CLANG_WARN_RANGE_LOOP_ANALYSIS = YES;
				CLANG_WARN_STRICT_PROTOTYPES = YES;
				CLANG_WARN_SUSPICIOUS_MOVE = YES;
				CLANG_WARN_UNGUARDED_AVAILABILITY = YES_AGGRESSIVE;
				CLANG_WARN_UNREACHABLE_CODE = YES;
				CLANG_WARN__DUPLICATE_METHOD_MATCH = YES;
				COPY_PHASE_STRIP = NO;
				DEBUG_INFORMATION_FORMAT = dwarf;
				ENABLE_STRICT_OBJC_MSGSEND = YES;
				ENABLE_TESTABILITY = YES;
				GCC_C_LANGUAGE_STANDARD = gnu11;
				GCC_DYNAMIC_NO_PIC = NO;
				GCC_NO_COMMON_BLOCKS = YES;
				GCC_OPTIMIZATION_LEVEL = 0;
				GCC_PREPROCESSOR_DEFINITIONS = (
					"DEBUG=1",
					"$(inherited)",
				);
				GCC_WARN_64_TO_32_BIT_CONVERSION = YES;
				GCC_WARN_ABOUT_RETURN_TYPE = YES_ERROR;
				GCC_WARN_UNDECLARED_SELECTOR = YES;
				GCC_WARN_UNINITIALIZED_AUTOS = YES_AGGRESSIVE;
				GCC_WARN_UNUSED_FUNCTION = YES;
				GCC_WARN_UNUSED_VARIABLE = YES;
				IPHONEOS_DEPLOYMENT_TARGET = 14.3;
				MTL_ENABLE_DEBUG_INFO = INCLUDE_SOURCE;
				MTL_FAST_MATH = YES;
				ONLY_ACTIVE_ARCH = YES;
				SDKROOT = iphoneos;
				SWIFT_ACTIVE_COMPILATION_CONDITIONS = DEBUG;
				SWIFT_OPTIMIZATION_LEVEL = "-Onone";
			};
			name = Debug;
		};
		8D06FD55259A2E1500F997AB /* Release */ = {
			isa = XCBuildConfiguration;
			buildSettings = {
				ALWAYS_SEARCH_USER_PATHS = NO;
				CLANG_ANALYZER_NONNULL = YES;
				CLANG_ANALYZER_NUMBER_OBJECT_CONVERSION = YES_AGGRESSIVE;
				CLANG_CXX_LANGUAGE_STANDARD = "gnu++14";
				CLANG_CXX_LIBRARY = "libc++";
				CLANG_ENABLE_MODULES = YES;
				CLANG_ENABLE_OBJC_ARC = YES;
				CLANG_ENABLE_OBJC_WEAK = YES;
				CLANG_WARN_BLOCK_CAPTURE_AUTORELEASING = YES;
				CLANG_WARN_BOOL_CONVERSION = YES;
				CLANG_WARN_COMMA = YES;
				CLANG_WARN_CONSTANT_CONVERSION = YES;
				CLANG_WARN_DEPRECATED_OBJC_IMPLEMENTATIONS = YES;
				CLANG_WARN_DIRECT_OBJC_ISA_USAGE = YES_ERROR;
				CLANG_WARN_DOCUMENTATION_COMMENTS = YES;
				CLANG_WARN_EMPTY_BODY = YES;
				CLANG_WARN_ENUM_CONVERSION = YES;
				CLANG_WARN_INFINITE_RECURSION = YES;
				CLANG_WARN_INT_CONVERSION = YES;
				CLANG_WARN_NON_LITERAL_NULL_CONVERSION = YES;
				CLANG_WARN_OBJC_IMPLICIT_RETAIN_SELF = YES;
				CLANG_WARN_OBJC_LITERAL_CONVERSION = YES;
				CLANG_WARN_OBJC_ROOT_CLASS = YES_ERROR;
				CLANG_WARN_QUOTED_INCLUDE_IN_FRAMEWORK_HEADER = YES;
				CLANG_WARN_RANGE_LOOP_ANALYSIS = YES;
				CLANG_WARN_STRICT_PROTOTYPES = YES;
				CLANG_WARN_SUSPICIOUS_MOVE = YES;
				CLANG_WARN_UNGUARDED_AVAILABILITY = YES_AGGRESSIVE;
				CLANG_WARN_UNREACHABLE_CODE = YES;
				CLANG_WARN__DUPLICATE_METHOD_MATCH = YES;
				COPY_PHASE_STRIP = NO;
				DEBUG_INFORMATION_FORMAT = "dwarf-with-dsym";
				ENABLE_NS_ASSERTIONS = NO;
				ENABLE_STRICT_OBJC_MSGSEND = YES;
				GCC_C_LANGUAGE_STANDARD = gnu11;
				GCC_NO_COMMON_BLOCKS = YES;
				GCC_WARN_64_TO_32_BIT_CONVERSION = YES;
				GCC_WARN_ABOUT_RETURN_TYPE = YES_ERROR;
				GCC_WARN_UNDECLARED_SELECTOR = YES;
				GCC_WARN_UNINITIALIZED_AUTOS = YES_AGGRESSIVE;
				GCC_WARN_UNUSED_FUNCTION = YES;
				GCC_WARN_UNUSED_VARIABLE = YES;
				IPHONEOS_DEPLOYMENT_TARGET = 14.3;
				MTL_ENABLE_DEBUG_INFO = NO;
				MTL_FAST_MATH = YES;
				SDKROOT = iphoneos;
				SWIFT_COMPILATION_MODE = wholemodule;
				SWIFT_OPTIMIZATION_LEVEL = "-O";
				VALIDATE_PRODUCT = YES;
			};
			name = Release;
		};
		8D06FD57259A2E1500F997AB /* Debug */ = {
			isa = XCBuildConfiguration;
			buildSettings = {
				ASSETCATALOG_COMPILER_APPICON_NAME = AppIcon;
				ASSETCATALOG_COMPILER_GLOBAL_ACCENT_COLOR_NAME = AccentColor;
				CODE_SIGN_ENTITLEMENTS = FirebaseDemo/FirebaseDemo.entitlements;
				CODE_SIGN_STYLE = Automatic;
				CURRENT_PROJECT_VERSION = 2;
				DEVELOPMENT_ASSET_PATHS = "\"FirebaseDemo/Preview Content\"";
				DEVELOPMENT_TEAM = TWW9FQZ5S8;
				ENABLE_PREVIEWS = YES;
				INFOPLIST_FILE = FirebaseDemo/Info.plist;
				IPHONEOS_DEPLOYMENT_TARGET = 14.0;
				LD_RUNPATH_SEARCH_PATHS = (
					"$(inherited)",
					"@executable_path/Frameworks",
				);
				MARKETING_VERSION = 1.02;
				OTHER_LDFLAGS = "";
				PRODUCT_BUNDLE_IDENTIFIER = com.luiscalmon.FirebaseDemo;
				PRODUCT_NAME = "$(TARGET_NAME)";
				SWIFT_VERSION = 5.0;
				TARGETED_DEVICE_FAMILY = 1;
			};
			name = Debug;
		};
		8D06FD58259A2E1500F997AB /* Release */ = {
			isa = XCBuildConfiguration;
			buildSettings = {
				ASSETCATALOG_COMPILER_APPICON_NAME = AppIcon;
				ASSETCATALOG_COMPILER_GLOBAL_ACCENT_COLOR_NAME = AccentColor;
				CODE_SIGN_ENTITLEMENTS = FirebaseDemo/FirebaseDemo.entitlements;
				CODE_SIGN_STYLE = Automatic;
				CURRENT_PROJECT_VERSION = 2;
				DEVELOPMENT_ASSET_PATHS = "\"FirebaseDemo/Preview Content\"";
				DEVELOPMENT_TEAM = TWW9FQZ5S8;
				ENABLE_PREVIEWS = YES;
				INFOPLIST_FILE = FirebaseDemo/Info.plist;
				IPHONEOS_DEPLOYMENT_TARGET = 14.0;
				LD_RUNPATH_SEARCH_PATHS = (
					"$(inherited)",
					"@executable_path/Frameworks",
				);
				MARKETING_VERSION = 1.02;
				OTHER_LDFLAGS = "";
				PRODUCT_BUNDLE_IDENTIFIER = com.luiscalmon.FirebaseDemo;
				PRODUCT_NAME = "$(TARGET_NAME)";
				SWIFT_VERSION = 5.0;
				TARGETED_DEVICE_FAMILY = 1;
			};
			name = Release;
		};
/* End XCBuildConfiguration section */

/* Begin XCConfigurationList section */
		8D06FD42259A2E1000F997AB /* Build configuration list for PBXProject "My Stuffs" */ = {
			isa = XCConfigurationList;
			buildConfigurations = (
				8D06FD54259A2E1500F997AB /* Debug */,
				8D06FD55259A2E1500F997AB /* Release */,
			);
			defaultConfigurationIsVisible = 0;
			defaultConfigurationName = Release;
		};
		8D06FD56259A2E1500F997AB /* Build configuration list for PBXNativeTarget "FirebaseDemo" */ = {
			isa = XCConfigurationList;
			buildConfigurations = (
				8D06FD57259A2E1500F997AB /* Debug */,
				8D06FD58259A2E1500F997AB /* Release */,
			);
			defaultConfigurationIsVisible = 0;
			defaultConfigurationName = Release;
		};
/* End XCConfigurationList section */

/* Begin XCRemoteSwiftPackageReference section */
		8D06FD5A259A2ECB00F997AB /* XCRemoteSwiftPackageReference "firebase-ios-sdk" */ = {
			isa = XCRemoteSwiftPackageReference;
			repositoryURL = "https://github.com/firebase/firebase-ios-sdk.git";
			requirement = {
				kind = upToNextMajorVersion;
				minimumVersion = 7.3.1;
			};
		};
/* End XCRemoteSwiftPackageReference section */

/* Begin XCSwiftPackageProductDependency section */
		8D06FD5B259A2ECB00F997AB /* FirebaseFirestoreSwift-Beta */ = {
			isa = XCSwiftPackageProductDependency;
			package = 8D06FD5A259A2ECB00F997AB /* XCRemoteSwiftPackageReference "firebase-ios-sdk" */;
			productName = "FirebaseFirestoreSwift-Beta";
		};
		8D9252DD259BC95900D902C9 /* FirebaseAuth */ = {
			isa = XCSwiftPackageProductDependency;
			package = 8D06FD5A259A2ECB00F997AB /* XCRemoteSwiftPackageReference "firebase-ios-sdk" */;
			productName = FirebaseAuth;
		};
/* End XCSwiftPackageProductDependency section */
	};
	rootObject = 8D06FD3F259A2E1000F997AB /* Project object */;
}
